
Microsoft Visual Studio Solution File, Format Version 12.00
# Visual Studio Version 17
VisualStudioVersion = 17.1.32414.318
MinimumVisualStudioVersion = 10.0.40219.1
Project("{9A19103F-16F7-4668-BE54-9A1E7A4F7556}") = "OSP.SPASv2.Web", "OSP.SPASv2.Web\OSP.SPASv2.Web.csproj", "{D70244A5-0261-4196-97BA-008A1541E103}"
EndProject
Global
	GlobalSection(SolutionConfigurationPlatforms) = preSolution
		Debug|Any CPU = Debug|Any CPU
		Release|Any CPU = Release|Any CPU
	EndGlobalSection
	GlobalSection(ProjectConfigurationPlatforms) = postSolution
		{D70244A5-0261-4196-97BA-008A1541E103}.Debug|Any CPU.ActiveCfg = Debug|Any CPU
		{D70244A5-0261-4196-97BA-008A1541E103}.Debug|Any CPU.Build.0 = Debug|Any CPU
		{D70244A5-0261-4196-97BA-008A1541E103}.Release|Any CPU.ActiveCfg = Release|Any CPU
		{D70244A5-0261-4196-97BA-008A1541E103}.Release|Any CPU.Build.0 = Release|Any CPU
	EndGlobalSection
	GlobalSection(SolutionProperties) = preSolution
		HideSolutionNode = FALSE
	EndGlobalSection
	GlobalSection(ExtensibilityGlobals) = postSolution
		SolutionGuid = {FAEA4912-23D8-4BE3-B99F-FADB865206F4}
	EndGlobalSection
EndGlobal
